
Microsoft Visual Studio Solution File, Format Version 12.00
# Visual Studio Version 17
VisualStudioVersion = 17.11.35222.181
MinimumVisualStudioVersion = 10.0.40219.1
Project("{FAE04EC0-301F-11D3-BF4B-00C04F79EFBC}") = "DecBatchCodeFirstApproachImpl", "DecBatchCodeFirstApproachImpl\DecBatchCodeFirstApproachImpl.csproj", "{D83388F4-8207-48D6-A931-9B03877E6821}"
EndProject
Global
	GlobalSection(SolutionConfigurationPlatforms) = preSolution
		Debug|Any CPU = Debug|Any CPU
		Release|Any CPU = Release|Any CPU
	EndGlobalSection
	GlobalSection(ProjectConfigurationPlatforms) = postSolution
		{D83388F4-8207-48D6-A931-9B03877E6821}.Debug|Any CPU.ActiveCfg = Debug|Any CPU
		{D83388F4-8207-48D6-A931-9B03877E6821}.Debug|Any CPU.Build.0 = Debug|Any CPU
		{D83388F4-8207-48D6-A931-9B03877E6821}.Release|Any CPU.ActiveCfg = Release|Any CPU
		{D83388F4-8207-48D6-A931-9B03877E6821}.Release|Any CPU.Build.0 = Release|Any CPU
	EndGlobalSection
	GlobalSection(SolutionProperties) = preSolution
		HideSolutionNode = FALSE
	EndGlobalSection
	GlobalSection(ExtensibilityGlobals) = postSolution
		SolutionGuid = {022C007D-6326-4C59-9A61-D1F086B2C380}
	EndGlobalSection
EndGlobal
